
Microsoft Visual Studio Solution File, Format Version 12.00
# Visual Studio Version 17
VisualStudioVersion = 17.2.32519.379
MinimumVisualStudioVersion = 10.0.40219.1
Project("{FAE04EC0-301F-11D3-BF4B-00C04F79EFBC}") = "Uygulama", "Uygulama\Uygulama.csproj", "{2536A0CE-F131-4586-A798-95C6CCA78CBC}"
EndProject
Global
	GlobalSection(SolutionConfigurationPlatforms) = preSolution
		Debug|Any CPU = Debug|Any CPU
		Release|Any CPU = Release|Any CPU
	EndGlobalSection
	GlobalSection(ProjectConfigurationPlatforms) = postSolution
		{2536A0CE-F131-4586-A798-95C6CCA78CBC}.Debug|Any CPU.ActiveCfg = Debug|Any CPU
		{2536A0CE-F131-4586-A798-95C6CCA78CBC}.Debug|Any CPU.Build.0 = Debug|Any CPU
		{2536A0CE-F131-4586-A798-95C6CCA78CBC}.Release|Any CPU.ActiveCfg = Release|Any CPU
		{2536A0CE-F131-4586-A798-95C6CCA78CBC}.Release|Any CPU.Build.0 = Release|Any CPU
	EndGlobalSection
	GlobalSection(SolutionProperties) = preSolution
		HideSolutionNode = FALSE
	EndGlobalSection
	GlobalSection(ExtensibilityGlobals) = postSolution
		SolutionGuid = {3FC66131-1515-4D25-BEF6-26A6B82A1DA0}
	EndGlobalSection
EndGlobal
